
Microsoft Visual Studio Solution File, Format Version 12.00
# Visual Studio Version 16
VisualStudioVersion = 16.0.30804.86
MinimumVisualStudioVersion = 10.0.40219.1
Project("{8BC9CEB8-8B4A-11D0-8D11-00A0C91BC942}") = "d3d12_box", "d3d12_box\d3d12_box.vcxproj", "{6D370B92-9D86-4CBF-8428-6C11F3D73597}"
EndProject
Project("{8BC9CEB8-8B4A-11D0-8D11-00A0C91BC942}") = "d3d12_shapes", "d3d12_shapes\d3d12_shapes.vcxproj", "{4619AF69-9B4F-4903-AC5E-268E09BB7541}"
EndProject
Project("{8BC9CEB8-8B4A-11D0-8D11-00A0C91BC942}") = "d3d12_waves", "d3d12_waves\d3d12_waves.vcxproj", "{4FAA3A7D-7946-45B1-986E-747A83A4F40F}"
EndProject
Project("{8BC9CEB8-8B4A-11D0-8D11-00A0C91BC942}") = "d3d12_waves_lighting", "d3d12_waves_lighting\d3d12_waves_lighting.vcxproj", "{BA568D49-2F10-445E-A6A2-E42FB0DCCF29}"
EndProject
Project("{8BC9CEB8-8B4A-11D0-8D11-00A0C91BC942}") = "d3d12_skull", "d3d12_skull\d3d12_skull.vcxproj", "{C1A095DF-4DD2-4885-B34A-B105EAC9970E}"
EndProject
Project("{8BC9CEB8-8B4A-11D0-8D11-00A0C91BC942}") = "d3d12_crate", "d3d12_crate\d3d12_crate.vcxproj", "{2E8AF779-0D9F-4905-8120-1C330FFD8F05}"
EndProject
Project("{8BC9CEB8-8B4A-11D0-8D11-00A0C91BC942}") = "d3d12_waves_texturing", "d3d12_waves_texturing\d3d12_waves_texturing.vcxproj", "{1E115C6C-AE78-49EF-BA2D-715EDEBE7F12}"
EndProject
Project("{8BC9CEB8-8B4A-11D0-8D11-00A0C91BC942}") = "d3d12_skull_texturing", "d3d12_skull_texturing\d3d12_skull_texturing.vcxproj", "{9BE95FEE-6FF7-4720-906C-3A4262B82AD8}"
EndProject
Project("{8BC9CEB8-8B4A-11D0-8D11-00A0C91BC942}") = "d3d12_waves_blending", "d3d12_waves_blending\d3d12_waves_blending.vcxproj", "{3ED0DA8E-23B9-4EA7-9D6E-A9347CBB14A0}"
EndProject
Project("{8BC9CEB8-8B4A-11D0-8D11-00A0C91BC942}") = "d3d12_shapes_dyn_indxng", "d3d12_shapes_dyn_indxng\d3d12_shapes_dyn_indxng.vcxproj", "{626DB535-F836-4B08-99F8-DD5B2CAC68BD}"
EndProject
Global
	GlobalSection(SolutionConfigurationPlatforms) = preSolution
		Debug|x64 = Debug|x64
		Debug|x86 = Debug|x86
		Release|x64 = Release|x64
		Release|x86 = Release|x86
	EndGlobalSection
	GlobalSection(ProjectConfigurationPlatforms) = postSolution
		{6D370B92-9D86-4CBF-8428-6C11F3D73597}.Debug|x64.ActiveCfg = Debug|x64
		{6D370B92-9D86-4CBF-8428-6C11F3D73597}.Debug|x64.Build.0 = Debug|x64
		{6D370B92-9D86-4CBF-8428-6C11F3D73597}.Debug|x86.ActiveCfg = Debug|Win32
		{6D370B92-9D86-4CBF-8428-6C11F3D73597}.Debug|x86.Build.0 = Debug|Win32
		{6D370B92-9D86-4CBF-8428-6C11F3D73597}.Release|x64.ActiveCfg = Release|x64
		{6D370B92-9D86-4CBF-8428-6C11F3D73597}.Release|x64.Build.0 = Release|x64
		{6D370B92-9D86-4CBF-8428-6C11F3D73597}.Release|x86.ActiveCfg = Release|Win32
		{6D370B92-9D86-4CBF-8428-6C11F3D73597}.Release|x86.Build.0 = Release|Win32
		{4619AF69-9B4F-4903-AC5E-268E09BB7541}.Debug|x64.ActiveCfg = Debug|x64
		{4619AF69-9B4F-4903-AC5E-268E09BB7541}.Debug|x64.Build.0 = Debug|x64
		{4619AF69-9B4F-4903-AC5E-268E09BB7541}.Debug|x86.ActiveCfg = Debug|Win32
		{4619AF69-9B4F-4903-AC5E-268E09BB7541}.Debug|x86.Build.0 = Debug|Win32
		{4619AF69-9B4F-4903-AC5E-268E09BB7541}.Release|x64.ActiveCfg = Release|x64
		{4619AF69-9B4F-4903-AC5E-268E09BB7541}.Release|x64.Build.0 = Release|x64
		{4619AF69-9B4F-4903-AC5E-268E09BB7541}.Release|x86.ActiveCfg = Release|Win32
		{4619AF69-9B4F-4903-AC5E-268E09BB7541}.Release|x86.Build.0 = Release|Win32
		{4FAA3A7D-7946-45B1-986E-747A83A4F40F}.Debug|x64.ActiveCfg = Debug|x64
		{4FAA3A7D-7946-45B1-986E-747A83A4F40F}.Debug|x64.Build.0 = Debug|x64
		{4FAA3A7D-7946-45B1-986E-747A83A4F40F}.Debug|x86.ActiveCfg = Debug|Win32
		{4FAA3A7D-7946-45B1-986E-747A83A4F40F}.Debug|x86.Build.0 = Debug|Win32
		{4FAA3A7D-7946-45B1-986E-747A83A4F40F}.Release|x64.ActiveCfg = Release|x64
		{4FAA3A7D-7946-45B1-986E-747A83A4F40F}.Release|x64.Build.0 = Release|x64
		{4FAA3A7D-7946-45B1-986E-747A83A4F40F}.Release|x86.ActiveCfg = Release|Win32
		{4FAA3A7D-7946-45B1-986E-747A83A4F40F}.Release|x86.Build.0 = Release|Win32
		{BA568D49-2F10-445E-A6A2-E42FB0DCCF29}.Debug|x64.ActiveCfg = Debug|x64
		{BA568D49-2F10-445E-A6A2-E42FB0DCCF29}.Debug|x64.Build.0 = Debug|x64
		{BA568D49-2F10-445E-A6A2-E42FB0DCCF29}.Debug|x86.ActiveCfg = Debug|Win32
		{BA568D49-2F10-445E-A6A2-E42FB0DCCF29}.Debug|x86.Build.0 = Debug|Win32
		{BA568D49-2F10-445E-A6A2-E42FB0DCCF29}.Release|x64.ActiveCfg = Release|x64
		{BA568D49-2F10-445E-A6A2-E42FB0DCCF29}.Release|x64.Build.0 = Release|x64
		{BA568D49-2F10-445E-A6A2-E42FB0DCCF29}.Release|x86.ActiveCfg = Release|Win32
		{BA568D49-2F10-445E-A6A2-E42FB0DCCF29}.Release|x86.Build.0 = Release|Win32
		{C1A095DF-4DD2-4885-B34A-B105EAC9970E}.Debug|x64.ActiveCfg = Debug|x64
		{C1A095DF-4DD2-4885-B34A-B105EAC9970E}.Debug|x64.Build.0 = Debug|x64
		{C1A095DF-4DD2-4885-B34A-B105EAC9970E}.Debug|x86.ActiveCfg = Debug|Win32
		{C1A095DF-4DD2-4885-B34A-B105EAC9970E}.Debug|x86.Build.0 = Debug|Win32
		{C1A095DF-4DD2-4885-B34A-B105EAC9970E}.Release|x64.ActiveCfg = Release|x64
		{C1A095DF-4DD2-4885-B34A-B105EAC9970E}.Release|x64.Build.0 = Release|x64
		{C1A095DF-4DD2-4885-B34A-B105EAC9970E}.Release|x86.ActiveCfg = Release|Win32
		{C1A095DF-4DD2-4885-B34A-B105EAC9970E}.Release|x86.Build.0 = Release|Win32
		{2E8AF779-0D9F-4905-8120-1C330FFD8F05}.Debug|x64.ActiveCfg = Debug|x64
		{2E8AF779-0D9F-4905-8120-1C330FFD8F05}.Debug|x64.Build.0 = Debug|x64
		{2E8AF779-0D9F-4905-8120-1C330FFD8F05}.Debug|x86.ActiveCfg = Debug|Win32
		{2E8AF779-0D9F-4905-8120-1C330FFD8F05}.Debug|x86.Build.0 = Debug|Win32
		{2E8AF779-0D9F-4905-8120-1C330FFD8F05}.Release|x64.ActiveCfg = Release|x64
		{2E8AF779-0D9F-4905-8120-1C330FFD8F05}.Release|x64.Build.0 = Release|x64
		{2E8AF779-0D9F-4905-8120-1C330FFD8F05}.Release|x86.ActiveCfg = Release|Win32
		{2E8AF779-0D9F-4905-8120-1C330FFD8F05}.Release|x86.Build.0 = Release|Win32
		{1E115C6C-AE78-49EF-BA2D-715EDEBE7F12}.Debug|x64.ActiveCfg = Debug|x64
		{1E115C6C-AE78-49EF-BA2D-715EDEBE7F12}.Debug|x64.Build.0 = Debug|x64
		{1E115C6C-AE78-49EF-BA2D-715EDEBE7F12}.Debug|x86.ActiveCfg = Debug|Win32
		{1E115C6C-AE78-49EF-BA2D-715EDEBE7F12}.Debug|x86.Build.0 = Debug|Win32
		{1E115C6C-AE78-49EF-BA2D-715EDEBE7F12}.Release|x64.ActiveCfg = Release|x64
		{1E115C6C-AE78-49EF-BA2D-715EDEBE7F12}.Release|x64.Build.0 = Release|x64
		{1E115C6C-AE78-49EF-BA2D-715EDEBE7F12}.Release|x86.ActiveCfg = Release|Win32
		{1E115C6C-AE78-49EF-BA2D-715EDEBE7F12}.Release|x86.Build.0 = Release|Win32
		{9BE95FEE-6FF7-4720-906C-3A4262B82AD8}.Debug|x64.ActiveCfg = Debug|x64
		{9BE95FEE-6FF7-4720-906C-3A4262B82AD8}.Debug|x64.Build.0 = Debug|x64
		{9BE95FEE-6FF7-4720-906C-3A4262B82AD8}.Debug|x86.ActiveCfg = Debug|Win32
		{9BE95FEE-6FF7-4720-906C-3A4262B82AD8}.Debug|x86.Build.0 = Debug|Win32
		{9BE95FEE-6FF7-4720-906C-3A4262B82AD8}.Release|x64.ActiveCfg = Release|x64
		{9BE95FEE-6FF7-4720-906C-3A4262B82AD8}.Release|x64.Build.0 = Release|x64
		{9BE95FEE-6FF7-4720-906C-3A4262B82AD8}.Release|x86.ActiveCfg = Release|Win32
		{9BE95FEE-6FF7-4720-906C-3A4262B82AD8}.Release|x86.Build.0 = Release|Win32
		{3ED0DA8E-23B9-4EA7-9D6E-A9347CBB14A0}.Debug|x64.ActiveCfg = Debug|x64
		{3ED0DA8E-23B9-4EA7-9D6E-A9347CBB14A0}.Debug|x64.Build.0 = Debug|x64
		{3ED0DA8E-23B9-4EA7-9D6E-A9347CBB14A0}.Debug|x86.ActiveCfg = Debug|Win32
		{3ED0DA8E-23B9-4EA7-9D6E-A9347CBB14A0}.Debug|x86.Build.0 = Debug|Win32
		{3ED0DA8E-23B9-4EA7-9D6E-A9347CBB14A0}.Release|x64.ActiveCfg = Release|x64
		{3ED0DA8E-23B9-4EA7-9D6E-A9347CBB14A0}.Release|x64.Build.0 = Release|x64
		{3ED0DA8E-23B9-4EA7-9D6E-A9347CBB14A0}.Release|x86.ActiveCfg = Release|Win32
		{3ED0DA8E-23B9-4EA7-9D6E-A9347CBB14A0}.Release|x86.Build.0 = Release|Win32
		{626DB535-F836-4B08-99F8-DD5B2CAC68BD}.Debug|x64.ActiveCfg = Debug|x64
		{626DB535-F836-4B08-99F8-DD5B2CAC68BD}.Debug|x64.Build.0 = Debug|x64
		{626DB535-F836-4B08-99F8-DD5B2CAC68BD}.Debug|x86.ActiveCfg = Debug|Win32
		{626DB535-F836-4B08-99F8-DD5B2CAC68BD}.Debug|x86.Build.0 = Debug|Win32
		{626DB535-F836-4B08-99F8-DD5B2CAC68BD}.Release|x64.ActiveCfg = Release|x64
		{626DB535-F836-4B08-99F8-DD5B2CAC68BD}.Release|x64.Build.0 = Release|x64
		{626DB535-F836-4B08-99F8-DD5B2CAC68BD}.Release|x86.ActiveCfg = Release|Win32
		{626DB535-F836-4B08-99F8-DD5B2CAC68BD}.Release|x86.Build.0 = Release|Win32
	EndGlobalSection
	GlobalSection(SolutionProperties) = preSolution
		HideSolutionNode = FALSE
	EndGlobalSection
	GlobalSection(ExtensibilityGlobals) = postSolution
		SolutionGuid = {7A0AA4BF-D3D1-4921-BE35-4BE026C57009}
	EndGlobalSection
EndGlobal
